
Microsoft Visual Studio Solution File, Format Version 12.00
# Visual Studio Version 16
VisualStudioVersion = 16.0.32126.315
MinimumVisualStudioVersion = 10.0.40219.1
Project("{8BC9CEB8-8B4A-11D0-8D11-00A0C91BC942}") = "Weather_Station_ESP32_Single_SPI", "Weather_Station_ESP32_Single_SPI.vcxproj", "{C5F80730-F44F-4478-BDAE-6634EFC2CA88}"
EndProject
Project("{8BC9CEB8-8B4A-11D0-8D11-00A0C91BC942}") = "ESP32Time", "Libraries\ESP32Time\ESP32Time.vcxitems", "{171F0EBE-EF6D-4954-8742-CD3D343FB5CD}"
EndProject
Project("{8BC9CEB8-8B4A-11D0-8D11-00A0C91BC942}") = "WiFi", "Libraries\WiFi\WiFi.vcxitems", "{FEFA8805-CF2E-4CAD-BEF7-05012A942E94}"
EndProject
Project("{8BC9CEB8-8B4A-11D0-8D11-00A0C91BC942}") = "Adafruit_MCP23017_Arduino_Library", "Libraries\Adafruit_MCP23017_Arduino_Library\Adafruit_MCP23017_Arduino_Library.vcxitems", "{A6F510E7-6328-45D1-837D-54AE8224F30F}"
EndProject
Project("{8BC9CEB8-8B4A-11D0-8D11-00A0C91BC942}") = "ESP32", "Libraries\ESP32\ESP32.vcxitems", "{2EB873B3-A1EA-49F5-9F3D-4AC481F85222}"
EndProject
Project("{8BC9CEB8-8B4A-11D0-8D11-00A0C91BC942}") = "SPIFFS", "Libraries\SPIFFS\SPIFFS.vcxitems", "{D324EA03-D9A5-49F4-9EDA-092E718A4A3B}"
EndProject
Project("{8BC9CEB8-8B4A-11D0-8D11-00A0C91BC942}") = "Wire", "Libraries\Wire\Wire.vcxitems", "{AAAD1BD2-595D-4DDA-A0D8-3D2582F6EF38}"
EndProject
Project("{8BC9CEB8-8B4A-11D0-8D11-00A0C91BC942}") = "ArduinoJson", "Libraries\ArduinoJson\ArduinoJson.vcxitems", "{B21ABA69-FFBF-4D24-B547-2FACE0B22671}"
EndProject
Project("{8BC9CEB8-8B4A-11D0-8D11-00A0C91BC942}") = "AsyncTCP", "Libraries\AsyncTCP\AsyncTCP.vcxitems", "{3001183F-49E5-4D54-8FC7-708F8B55FC4D}"
EndProject
Project("{8BC9CEB8-8B4A-11D0-8D11-00A0C91BC942}") = "ESPAsyncWebSrv", "Libraries\ESPAsyncWebSrv\ESPAsyncWebSrv.vcxitems", "{9D67ECFF-A868-4776-A687-12D51AAA62F6}"
EndProject
Project("{8BC9CEB8-8B4A-11D0-8D11-00A0C91BC942}") = "SPI", "Libraries\SPI\SPI.vcxitems", "{BEA41D68-E0BB-4510-9F7D-22F0D1AA4AD2}"
EndProject
Project("{8BC9CEB8-8B4A-11D0-8D11-00A0C91BC942}") = "Adafruit_GFX_Library", "Libraries\Adafruit_GFX_Library\Adafruit_GFX_Library.vcxitems", "{67920867-8372-4AB6-B338-3321261DADC1}"
EndProject
Project("{8BC9CEB8-8B4A-11D0-8D11-00A0C91BC942}") = "Adafruit_ILI9341", "Libraries\Adafruit_ILI9341\Adafruit_ILI9341.vcxitems", "{60CC9F72-1F0B-4612-BE1D-729237A04900}"
EndProject
Global
	GlobalSection(SharedMSBuildProjectFiles) = preSolution
		Libraries\ESP32Time\ESP32Time.vcxitems*{171f0ebe-ef6d-4954-8742-cd3d343fb5cd}*SharedItemsImports = 9
		Libraries\ESP32\ESP32.vcxitems*{2eb873b3-a1ea-49f5-9f3d-4ac481f85222}*SharedItemsImports = 9
		Libraries\AsyncTCP\AsyncTCP.vcxitems*{3001183f-49e5-4d54-8fc7-708f8b55fc4d}*SharedItemsImports = 9
		Libraries\Adafruit_ILI9341\Adafruit_ILI9341.vcxitems*{60cc9f72-1f0b-4612-be1d-729237a04900}*SharedItemsImports = 9
		Libraries\Adafruit_GFX_Library\Adafruit_GFX_Library.vcxitems*{67920867-8372-4ab6-b338-3321261dadc1}*SharedItemsImports = 9
		Libraries\ESPAsyncWebSrv\ESPAsyncWebSrv.vcxitems*{9d67ecff-a868-4776-a687-12d51aaa62f6}*SharedItemsImports = 9
		Libraries\Adafruit_MCP23017_Arduino_Library\Adafruit_MCP23017_Arduino_Library.vcxitems*{a6f510e7-6328-45d1-837d-54ae8224f30f}*SharedItemsImports = 9
		Libraries\Wire\Wire.vcxitems*{aaad1bd2-595d-4dda-a0d8-3d2582f6ef38}*SharedItemsImports = 9
		Libraries\ArduinoJson\ArduinoJson.vcxitems*{b21aba69-ffbf-4d24-b547-2face0b22671}*SharedItemsImports = 9
		Libraries\SPI\SPI.vcxitems*{bea41d68-e0bb-4510-9f7d-22f0d1aa4ad2}*SharedItemsImports = 9
		Libraries\Adafruit_GFX_Library\Adafruit_GFX_Library.vcxitems*{c5f80730-f44f-4478-bdae-6634efc2ca88}*SharedItemsImports = 4
		Libraries\Adafruit_ILI9341\Adafruit_ILI9341.vcxitems*{c5f80730-f44f-4478-bdae-6634efc2ca88}*SharedItemsImports = 4
		Libraries\Adafruit_MCP23017_Arduino_Library\Adafruit_MCP23017_Arduino_Library.vcxitems*{c5f80730-f44f-4478-bdae-6634efc2ca88}*SharedItemsImports = 4
		Libraries\ArduinoJson\ArduinoJson.vcxitems*{c5f80730-f44f-4478-bdae-6634efc2ca88}*SharedItemsImports = 4
		Libraries\AsyncTCP\AsyncTCP.vcxitems*{c5f80730-f44f-4478-bdae-6634efc2ca88}*SharedItemsImports = 4
		Libraries\ESP32Time\ESP32Time.vcxitems*{c5f80730-f44f-4478-bdae-6634efc2ca88}*SharedItemsImports = 4
		Libraries\ESP32\ESP32.vcxitems*{c5f80730-f44f-4478-bdae-6634efc2ca88}*SharedItemsImports = 4
		Libraries\ESPAsyncWebSrv\ESPAsyncWebSrv.vcxitems*{c5f80730-f44f-4478-bdae-6634efc2ca88}*SharedItemsImports = 4
		Libraries\SPIFFS\SPIFFS.vcxitems*{c5f80730-f44f-4478-bdae-6634efc2ca88}*SharedItemsImports = 4
		Libraries\SPI\SPI.vcxitems*{c5f80730-f44f-4478-bdae-6634efc2ca88}*SharedItemsImports = 4
		Libraries\WiFi\WiFi.vcxitems*{c5f80730-f44f-4478-bdae-6634efc2ca88}*SharedItemsImports = 4
		Libraries\Wire\Wire.vcxitems*{c5f80730-f44f-4478-bdae-6634efc2ca88}*SharedItemsImports = 4
		Libraries\SPIFFS\SPIFFS.vcxitems*{d324ea03-d9a5-49f4-9eda-092e718a4a3b}*SharedItemsImports = 9
		Libraries\WiFi\WiFi.vcxitems*{fefa8805-cf2e-4cad-bef7-05012a942e94}*SharedItemsImports = 9
	EndGlobalSection
	GlobalSection(SolutionConfigurationPlatforms) = preSolution
		Debug|x86 = Debug|x86
		Release|x86 = Release|x86
	EndGlobalSection
	GlobalSection(ProjectConfigurationPlatforms) = postSolution
		{C5F80730-F44F-4478-BDAE-6634EFC2CA88}.Debug|x86.ActiveCfg = Debug|Win32
		{C5F80730-F44F-4478-BDAE-6634EFC2CA88}.Debug|x86.Build.0 = Debug|Win32
		{C5F80730-F44F-4478-BDAE-6634EFC2CA88}.Release|x86.ActiveCfg = Release|Win32
		{C5F80730-F44F-4478-BDAE-6634EFC2CA88}.Release|x86.Build.0 = Release|Win32
	EndGlobalSection
	GlobalSection(SolutionProperties) = preSolution
		HideSolutionNode = FALSE
	EndGlobalSection
	GlobalSection(ExtensibilityGlobals) = postSolution
		SolutionGuid = {4266178D-9EAB-44EA-991C-9F28BEDFCA64}
	EndGlobalSection
EndGlobal
